
Microsoft Visual Studio Solution File, Format Version 12.00
# Visual Studio Version 16
VisualStudioVersion = 16.0.30413.136
MinimumVisualStudioVersion = 10.0.40219.1
Project("{FAE04EC0-301F-11D3-BF4B-00C04F79EFBC}") = "OcclusionGenerator", "OcclusionGenerator\OcclusionGenerator.csproj", "{07524260-5950-44BE-BF0A-C2D81CDF4D97}"
EndProject
Global
	GlobalSection(SolutionConfigurationPlatforms) = preSolution
		Debug|Any CPU = Debug|Any CPU
		Release|Any CPU = Release|Any CPU
	EndGlobalSection
	GlobalSection(ProjectConfigurationPlatforms) = postSolution
		{07524260-5950-44BE-BF0A-C2D81CDF4D97}.Debug|Any CPU.ActiveCfg = Debug|Any CPU
		{07524260-5950-44BE-BF0A-C2D81CDF4D97}.Debug|Any CPU.Build.0 = Debug|Any CPU
		{07524260-5950-44BE-BF0A-C2D81CDF4D97}.Release|Any CPU.ActiveCfg = Release|Any CPU
		{07524260-5950-44BE-BF0A-C2D81CDF4D97}.Release|Any CPU.Build.0 = Release|Any CPU
	EndGlobalSection
	GlobalSection(SolutionProperties) = preSolution
		HideSolutionNode = FALSE
	EndGlobalSection
	GlobalSection(ExtensibilityGlobals) = postSolution
		SolutionGuid = {C21C06FB-5F5F-4DC0-8A30-F91C9C4AAA77}
	EndGlobalSection
EndGlobal
